
Microsoft Visual Studio Solution File, Format Version 12.00
# Visual Studio Version 16
VisualStudioVersion = 16.0.32126.315
MinimumVisualStudioVersion = 10.0.40219.1
Project("{2150E333-8FDC-42A3-9474-1A3956D46DE8}") = "doc", "doc", "{9BFCB85E-43F1-48A8-BC73-3F849C4D70CD}"
	ProjectSection(SolutionItems) = preProject
		README.md = README.md
	EndProjectSection
EndProject
Project("{8BC9CEB8-8B4A-11D0-8D11-00A0C91BC942}") = "fascript.Example", "fascript.Example\fascript.Example.vcxproj", "{755C041F-93EC-43A8-9AA1-DDB3AEBF3243}"
EndProject
Project("{8BC9CEB8-8B4A-11D0-8D11-00A0C91BC942}") = "fascript", "fascript\fascript.vcxproj", "{ABC5CF34-23E9-4336-BE81-A2E5460AC345}"
EndProject
Global
	GlobalSection(SolutionConfigurationPlatforms) = preSolution
		Debug|x64 = Debug|x64
		Debug|x86 = Debug|x86
		Release|x64 = Release|x64
		Release|x86 = Release|x86
	EndGlobalSection
	GlobalSection(ProjectConfigurationPlatforms) = postSolution
		{755C041F-93EC-43A8-9AA1-DDB3AEBF3243}.Debug|x64.ActiveCfg = Debug|x64
		{755C041F-93EC-43A8-9AA1-DDB3AEBF3243}.Debug|x64.Build.0 = Debug|x64
		{755C041F-93EC-43A8-9AA1-DDB3AEBF3243}.Debug|x86.ActiveCfg = Debug|Win32
		{755C041F-93EC-43A8-9AA1-DDB3AEBF3243}.Debug|x86.Build.0 = Debug|Win32
		{755C041F-93EC-43A8-9AA1-DDB3AEBF3243}.Release|x64.ActiveCfg = Release|x64
		{755C041F-93EC-43A8-9AA1-DDB3AEBF3243}.Release|x64.Build.0 = Release|x64
		{755C041F-93EC-43A8-9AA1-DDB3AEBF3243}.Release|x86.ActiveCfg = Release|Win32
		{755C041F-93EC-43A8-9AA1-DDB3AEBF3243}.Release|x86.Build.0 = Release|Win32
		{ABC5CF34-23E9-4336-BE81-A2E5460AC345}.Debug|x64.ActiveCfg = Debug|x64
		{ABC5CF34-23E9-4336-BE81-A2E5460AC345}.Debug|x64.Build.0 = Debug|x64
		{ABC5CF34-23E9-4336-BE81-A2E5460AC345}.Debug|x86.ActiveCfg = Debug|Win32
		{ABC5CF34-23E9-4336-BE81-A2E5460AC345}.Debug|x86.Build.0 = Debug|Win32
		{ABC5CF34-23E9-4336-BE81-A2E5460AC345}.Release|x64.ActiveCfg = Release|x64
		{ABC5CF34-23E9-4336-BE81-A2E5460AC345}.Release|x64.Build.0 = Release|x64
		{ABC5CF34-23E9-4336-BE81-A2E5460AC345}.Release|x86.ActiveCfg = Release|Win32
		{ABC5CF34-23E9-4336-BE81-A2E5460AC345}.Release|x86.Build.0 = Release|Win32
	EndGlobalSection
	GlobalSection(SolutionProperties) = preSolution
		HideSolutionNode = FALSE
	EndGlobalSection
	GlobalSection(ExtensibilityGlobals) = postSolution
		SolutionGuid = {A2054325-489E-44E2-812F-0DD37C82178D}
	EndGlobalSection
EndGlobal
