<?xml version="1.0" encoding="utf-8"?>
<Project ToolsVersion="4.0" xmlns="http://schemas.microsoft.com/developer/msbuild/2003">
  <ItemGroup>
    <Filter Include="源文件">
      <UniqueIdentifier>{4FC737F1-C7A5-4376-A066-2A32D752A2FF}</UniqueIdentifier>
      <Extensions>cpp;c;cc;cxx;c++;cppm;ixx;def;odl;idl;hpj;bat;asm;asmx</Extensions>
    </Filter>
    <Filter Include="头文件">
      <UniqueIdentifier>{93995380-89BD-4b04-88EB-625FBE52EBFB}</UniqueIdentifier>
      <Extensions>h;hh;hpp;hxx;h++;hm;inl;inc;ipp;xsd</Extensions>
    </Filter>
    <Filter Include="资源文件">
      <UniqueIdentifier>{67DA6AB6-F800-4c08-8B7A-83BB121AAD01}</UniqueIdentifier>
      <Extensions>rc;ico;cur;bmp;dlg;rc2;rct;bin;rgs;gif;jpg;jpeg;jpe;resx;tiff;tif;png;wav;mfcribbon-ms</Extensions>
    </Filter>
    <Filter Include="头文件\ASTs">
      <UniqueIdentifier>{8febd2b5-be7d-4b6d-9ba9-c1ce061e3e06}</UniqueIdentifier>
    </Filter>
    <Filter Include="源文件\ASTs">
      <UniqueIdentifier>{2c666f6d-de36-48b5-94ed-b932136e1020}</UniqueIdentifier>
    </Filter>
    <Filter Include="头文件\_AntlrGens">
      <UniqueIdentifier>{8ffebdba-f752-46cc-9ded-e46939751b15}</UniqueIdentifier>
    </Filter>
    <Filter Include="源文件\_AntlrGens">
      <UniqueIdentifier>{9bee5eb8-e58f-4c97-9953-ac0e56fcfa18}</UniqueIdentifier>
    </Filter>
  </ItemGroup>
  <ItemGroup>
    <ClInclude Include="pch.h">
      <Filter>头文件</Filter>
    </ClInclude>
    <ClInclude Include="fascript.h">
      <Filter>头文件</Filter>
    </ClInclude>
    <ClInclude Include="common.hpp">
      <Filter>头文件</Filter>
    </ClInclude>
    <ClInclude Include="exception.hpp">
      <Filter>头文件</Filter>
    </ClInclude>
    <ClInclude Include="value.hpp">
      <Filter>头文件</Filter>
    </ClInclude>
    <ClInclude Include="function.hpp">
      <Filter>头文件</Filter>
    </ClInclude>
    <ClInclude Include="fasvisitor.hpp">
      <Filter>头文件</Filter>
    </ClInclude>
    <ClInclude Include="ASTs\IAstExpr.hpp">
      <Filter>头文件\ASTs</Filter>
    </ClInclude>
    <ClInclude Include="ASTs\AstOp2.hpp">
      <Filter>头文件\ASTs</Filter>
    </ClInclude>
    <ClInclude Include="ASTs\AstValue.hpp">
      <Filter>头文件\ASTs</Filter>
    </ClInclude>
    <ClInclude Include="ASTs\AstFunction.hpp">
      <Filter>头文件\ASTs</Filter>
    </ClInclude>
    <ClInclude Include="ASTs\AstId.hpp">
      <Filter>头文件\ASTs</Filter>
    </ClInclude>
    <ClInclude Include="ASTs\AstOp1.hpp">
      <Filter>头文件\ASTs</Filter>
    </ClInclude>
    <ClInclude Include="ASTs\AstInvoke.hpp">
      <Filter>头文件\ASTs</Filter>
    </ClInclude>
    <ClInclude Include="ASTs\AstAccess.hpp">
      <Filter>头文件\ASTs</Filter>
    </ClInclude>
    <ClInclude Include="ASTs\AstRangeAccess.hpp">
      <Filter>头文件\ASTs</Filter>
    </ClInclude>
    <ClInclude Include="opcode.hpp">
      <Filter>头文件</Filter>
    </ClInclude>
    <ClInclude Include="_AntlrGens\FAScriptBaseVisitor.h">
      <Filter>头文件\_AntlrGens</Filter>
    </ClInclude>
    <ClInclude Include="_AntlrGens\FAScriptLexer.h">
      <Filter>头文件\_AntlrGens</Filter>
    </ClInclude>
    <ClInclude Include="_AntlrGens\FAScriptParser.h">
      <Filter>头文件\_AntlrGens</Filter>
    </ClInclude>
    <ClInclude Include="_AntlrGens\FAScriptVisitor.h">
      <Filter>头文件\_AntlrGens</Filter>
    </ClInclude>
    <ClInclude Include="ASTs\AstReturn.hpp">
      <Filter>头文件\ASTs</Filter>
    </ClInclude>
    <ClInclude Include="ASTs\AstClass.hpp">
      <Filter>头文件\ASTs</Filter>
    </ClInclude>
    <ClInclude Include="executor.hpp">
      <Filter>头文件</Filter>
    </ClInclude>
    <ClInclude Include="Generator.hpp">
      <Filter>头文件</Filter>
    </ClInclude>
  </ItemGroup>
  <ItemGroup>
    <ClCompile Include="fascript.cpp">
      <Filter>源文件</Filter>
    </ClCompile>
    <ClCompile Include="pch.cpp">
      <Filter>源文件</Filter>
    </ClCompile>
    <ClCompile Include="value.cpp">
      <Filter>源文件</Filter>
    </ClCompile>
    <ClCompile Include="fasvisitor.cpp">
      <Filter>源文件</Filter>
    </ClCompile>
    <ClCompile Include="ASTs\IAstExpr.cpp">
      <Filter>源文件\ASTs</Filter>
    </ClCompile>
    <ClCompile Include="_AntlrGens\FAScriptVisitor.cpp">
      <Filter>源文件\_AntlrGens</Filter>
    </ClCompile>
    <ClCompile Include="_AntlrGens\FAScriptBaseVisitor.cpp">
      <Filter>源文件\_AntlrGens</Filter>
    </ClCompile>
    <ClCompile Include="_AntlrGens\FAScriptLexer.cpp">
      <Filter>源文件\_AntlrGens</Filter>
    </ClCompile>
    <ClCompile Include="_AntlrGens\FAScriptParser.cpp">
      <Filter>源文件\_AntlrGens</Filter>
    </ClCompile>
  </ItemGroup>
</Project>